
Microsoft Visual Studio Solution File, Format Version 12.00
# Visual Studio Version 16
VisualStudioVersion = 16.0.31112.23
MinimumVisualStudioVersion = 10.0.40219.1
Project("{FAE04EC0-301F-11D3-BF4B-00C04F79EFBC}") = "CalificacionesAlumnos", "CalificacionesAlumnos\CalificacionesAlumnos.csproj", "{D8F2D235-1D10-4B21-9275-949384EA9CC2}"
EndProject
Global
	GlobalSection(SolutionConfigurationPlatforms) = preSolution
		Debug|Any CPU = Debug|Any CPU
		Release|Any CPU = Release|Any CPU
	EndGlobalSection
	GlobalSection(ProjectConfigurationPlatforms) = postSolution
		{D8F2D235-1D10-4B21-9275-949384EA9CC2}.Debug|Any CPU.ActiveCfg = Debug|Any CPU
		{D8F2D235-1D10-4B21-9275-949384EA9CC2}.Debug|Any CPU.Build.0 = Debug|Any CPU
		{D8F2D235-1D10-4B21-9275-949384EA9CC2}.Release|Any CPU.ActiveCfg = Release|Any CPU
		{D8F2D235-1D10-4B21-9275-949384EA9CC2}.Release|Any CPU.Build.0 = Release|Any CPU
	EndGlobalSection
	GlobalSection(SolutionProperties) = preSolution
		HideSolutionNode = FALSE
	EndGlobalSection
	GlobalSection(ExtensibilityGlobals) = postSolution
		SolutionGuid = {A66CF88C-64C8-431E-AAE8-0EFBC8774996}
	EndGlobalSection
EndGlobal
